// !$*UTF8*$!
{
	archiveVersion = 1;
	classes = {
	};
	objectVersion = 46;
	objects = {

/* Begin PBXBuildFile section */
		263D83201EC57491B2386303 /* Pods_Macaroon.framework in Frameworks */ = {isa = PBXBuildFile; fileRef = DDD9E9F2D1995F47F556657F /* Pods_Macaroon.framework */; };
		5579B1641BE0FB1B0030F57A /* Github.swift in Sources */ = {isa = PBXBuildFile; fileRef = 5579B1631BE0FB1B0030F57A /* Github.swift */; };
		557B64A11BEA35E800C52AF0 /* NetworkManager.swift in Sources */ = {isa = PBXBuildFile; fileRef = 557B649F1BEA35E800C52AF0 /* NetworkManager.swift */; };
		557B64A21BEA35E800C52AF0 /* Twitter.swift in Sources */ = {isa = PBXBuildFile; fileRef = 557B64A01BEA35E800C52AF0 /* Twitter.swift */; };
		9613DBB11BD56847006A2132 /* NotificationRouter.swift in Sources */ = {isa = PBXBuildFile; fileRef = 9613DBB01BD56847006A2132 /* NotificationRouter.swift */; };
		9613DBB31BD56A6A006A2132 /* NotificationSettings.swift in Sources */ = {isa = PBXBuildFile; fileRef = 9613DBB21BD56A6A006A2132 /* NotificationSettings.swift */; };
		96476F751BC6FA50005E0E4E /* PermissionViewController.swift in Sources */ = {isa = PBXBuildFile; fileRef = 96476F741BC6FA50005E0E4E /* PermissionViewController.swift */; };
		96476F771BC6FAF1005E0E4E /* MainNavigationController.swift in Sources */ = {isa = PBXBuildFile; fileRef = 96476F761BC6FAF1005E0E4E /* MainNavigationController.swift */; };
		96476F7F1BC70BF1005E0E4E /* Storyboards.swift in Sources */ = {isa = PBXBuildFile; fileRef = 96476F7E1BC70BF1005E0E4E /* Storyboards.swift */; };
		96A9486B1BC6D8E30022D22E /* AppDelegate.swift in Sources */ = {isa = PBXBuildFile; fileRef = 96A9486A1BC6D8E30022D22E /* AppDelegate.swift */; };
		96A9486D1BC6D8E30022D22E /* ViewController.swift in Sources */ = {isa = PBXBuildFile; fileRef = 96A9486C1BC6D8E30022D22E /* ViewController.swift */; };
		96A948701BC6D8E30022D22E /* Main.storyboard in Resources */ = {isa = PBXBuildFile; fileRef = 96A9486E1BC6D8E30022D22E /* Main.storyboard */; };
		96A948721BC6D8E30022D22E /* Assets.xcassets in Resources */ = {isa = PBXBuildFile; fileRef = 96A948711BC6D8E30022D22E /* Assets.xcassets */; };
		96A948751BC6D8E30022D22E /* LaunchScreen.storyboard in Resources */ = {isa = PBXBuildFile; fileRef = 96A948731BC6D8E30022D22E /* LaunchScreen.storyboard */; };
		96A948811BC6DE990022D22E /* GoogleService-Info.plist in Resources */ = {isa = PBXBuildFile; fileRef = 96A948801BC6DE990022D22E /* GoogleService-Info.plist */; };
		96EEBA321BD95781003DF30C /* Notification.swift in Sources */ = {isa = PBXBuildFile; fileRef = 96EEBA311BD95781003DF30C /* Notification.swift */; };
/* End PBXBuildFile section */

/* Begin PBXFileReference section */
		4F2D172D10622DCD788EE384 /* Pods-Macaroon.debug.xcconfig */ = {isa = PBXFileReference; includeInIndex = 1; lastKnownFileType = text.xcconfig; name = "Pods-Macaroon.debug.xcconfig"; path = "Pods/Target Support Files/Pods-Macaroon/Pods-Macaroon.debug.xcconfig"; sourceTree = "<group>"; };
		5579B1631BE0FB1B0030F57A /* Github.swift */ = {isa = PBXFileReference; fileEncoding = 4; lastKnownFileType = sourcecode.swift; name = Github.swift; path = Provider/Github.swift; sourceTree = "<group>"; };
		557B649F1BEA35E800C52AF0 /* NetworkManager.swift */ = {isa = PBXFileReference; fileEncoding = 4; lastKnownFileType = sourcecode.swift; name = NetworkManager.swift; path = Provider/NetworkManager.swift; sourceTree = "<group>"; };
		557B64A01BEA35E800C52AF0 /* Twitter.swift */ = {isa = PBXFileReference; fileEncoding = 4; lastKnownFileType = sourcecode.swift; name = Twitter.swift; path = Provider/Twitter.swift; sourceTree = "<group>"; };
		9613DBB01BD56847006A2132 /* NotificationRouter.swift */ = {isa = PBXFileReference; fileEncoding = 4; lastKnownFileType = sourcecode.swift; path = NotificationRouter.swift; sourceTree = "<group>"; };
		9613DBB21BD56A6A006A2132 /* NotificationSettings.swift */ = {isa = PBXFileReference; fileEncoding = 4; lastKnownFileType = sourcecode.swift; path = NotificationSettings.swift; sourceTree = "<group>"; };
		96476F741BC6FA50005E0E4E /* PermissionViewController.swift */ = {isa = PBXFileReference; fileEncoding = 4; lastKnownFileType = sourcecode.swift; path = PermissionViewController.swift; sourceTree = "<group>"; };
		96476F761BC6FAF1005E0E4E /* MainNavigationController.swift */ = {isa = PBXFileReference; fileEncoding = 4; lastKnownFileType = sourcecode.swift; path = MainNavigationController.swift; sourceTree = "<group>"; };
		96476F7E1BC70BF1005E0E4E /* Storyboards.swift */ = {isa = PBXFileReference; fileEncoding = 4; lastKnownFileType = sourcecode.swift; path = Storyboards.swift; sourceTree = "<group>"; };
		96A948671BC6D8E30022D22E /* Macaroon.app */ = {isa = PBXFileReference; explicitFileType = wrapper.application; includeInIndex = 0; path = Macaroon.app; sourceTree = BUILT_PRODUCTS_DIR; };
		96A9486A1BC6D8E30022D22E /* AppDelegate.swift */ = {isa = PBXFileReference; lastKnownFileType = sourcecode.swift; path = AppDelegate.swift; sourceTree = "<group>"; };
		96A9486C1BC6D8E30022D22E /* ViewController.swift */ = {isa = PBXFileReference; lastKnownFileType = sourcecode.swift; path = ViewController.swift; sourceTree = "<group>"; };
		96A9486F1BC6D8E30022D22E /* Base */ = {isa = PBXFileReference; lastKnownFileType = file.storyboard; name = Base; path = Base.lproj/Main.storyboard; sourceTree = "<group>"; };
		96A948711BC6D8E30022D22E /* Assets.xcassets */ = {isa = PBXFileReference; lastKnownFileType = folder.assetcatalog; path = Assets.xcassets; sourceTree = "<group>"; };
		96A948741BC6D8E30022D22E /* Base */ = {isa = PBXFileReference; lastKnownFileType = file.storyboard; name = Base; path = Base.lproj/LaunchScreen.storyboard; sourceTree = "<group>"; };
		96A948761BC6D8E30022D22E /* Info.plist */ = {isa = PBXFileReference; lastKnownFileType = text.plist.xml; path = Info.plist; sourceTree = "<group>"; };
		96A948801BC6DE990022D22E /* GoogleService-Info.plist */ = {isa = PBXFileReference; fileEncoding = 4; lastKnownFileType = text.plist.xml; path = "GoogleService-Info.plist"; sourceTree = "<group>"; };
		96A948831BC6E00F0022D22E /* Macaroon-Bridging-Header.h */ = {isa = PBXFileReference; lastKnownFileType = sourcecode.c.h; path = "Macaroon-Bridging-Header.h"; sourceTree = "<group>"; };
		96EEBA311BD95781003DF30C /* Notification.swift */ = {isa = PBXFileReference; fileEncoding = 4; lastKnownFileType = sourcecode.swift; path = Notification.swift; sourceTree = "<group>"; };
		B69CB0F34D99C2B85658565D /* Pods-Macaroon.release.xcconfig */ = {isa = PBXFileReference; includeInIndex = 1; lastKnownFileType = text.xcconfig; name = "Pods-Macaroon.release.xcconfig"; path = "Pods/Target Support Files/Pods-Macaroon/Pods-Macaroon.release.xcconfig"; sourceTree = "<group>"; };
		DDD9E9F2D1995F47F556657F /* Pods_Macaroon.framework */ = {isa = PBXFileReference; explicitFileType = wrapper.framework; includeInIndex = 0; path = Pods_Macaroon.framework; sourceTree = BUILT_PRODUCTS_DIR; };
/* End PBXFileReference section */

/* Begin PBXFrameworksBuildPhase section */
		96A948641BC6D8E30022D22E /* Frameworks */ = {
			isa = PBXFrameworksBuildPhase;
			buildActionMask = 2147483647;
			files = (
				263D83201EC57491B2386303 /* Pods_Macaroon.framework in Frameworks */,
			);
			runOnlyForDeploymentPostprocessing = 0;
		};
/* End PBXFrameworksBuildPhase section */

/* Begin PBXGroup section */
		5579B1621BE0FB0E0030F57A /* Provider */ = {
			isa = PBXGroup;
			children = (
				557B649F1BEA35E800C52AF0 /* NetworkManager.swift */,
				557B64A01BEA35E800C52AF0 /* Twitter.swift */,
				5579B1631BE0FB1B0030F57A /* Github.swift */,
			);
			name = Provider;
			sourceTree = "<group>";
		};
		9613DBAF1BD56836006A2132 /* Notification */ = {
			isa = PBXGroup;
			children = (
				9613DBB01BD56847006A2132 /* NotificationRouter.swift */,
				9613DBB21BD56A6A006A2132 /* NotificationSettings.swift */,
				96EEBA311BD95781003DF30C /* Notification.swift */,
			);
			path = Notification;
			sourceTree = "<group>";
		};
		96A9485E1BC6D8E30022D22E = {
			isa = PBXGroup;
			children = (
				D599EEFAD2A5C7FE3B4C0670 /* Frameworks */,
				96A948691BC6D8E30022D22E /* Macaroon */,
				C06656965AFC33995DB7677D /* Pods */,
				96A948681BC6D8E30022D22E /* Products */,
			);
			sourceTree = "<group>";
		};
		96A948681BC6D8E30022D22E /* Products */ = {
			isa = PBXGroup;
			children = (
				96A948671BC6D8E30022D22E /* Macaroon.app */,
			);
			name = Products;
			sourceTree = "<group>";
		};
		96A948691BC6D8E30022D22E /* Macaroon */ = {
			isa = PBXGroup;
			children = (
				5579B1621BE0FB0E0030F57A /* Provider */,
				96A9487D1BC6DA150022D22E /* AppDelegate */,
				96A9487F1BC6DAAF0022D22E /* Asset */,
				96A9487C1BC6DA090022D22E /* Controller */,
				96A948831BC6E00F0022D22E /* Macaroon-Bridging-Header.h */,
				9613DBAF1BD56836006A2132 /* Notification */,
				96A9487E1BC6DA2E0022D22E /* View */,
			);
			path = Macaroon;
			sourceTree = "<group>";
		};
		96A9487C1BC6DA090022D22E /* Controller */ = {
			isa = PBXGroup;
			children = (
				96476F761BC6FAF1005E0E4E /* MainNavigationController.swift */,
				96476F741BC6FA50005E0E4E /* PermissionViewController.swift */,
				96A9486C1BC6D8E30022D22E /* ViewController.swift */,
			);
			path = Controller;
			sourceTree = "<group>";
		};
		96A9487D1BC6DA150022D22E /* AppDelegate */ = {
			isa = PBXGroup;
			children = (
				96A9486A1BC6D8E30022D22E /* AppDelegate.swift */,
			);
			path = AppDelegate;
			sourceTree = "<group>";
		};
		96A9487E1BC6DA2E0022D22E /* View */ = {
			isa = PBXGroup;
			children = (
				96A948731BC6D8E30022D22E /* LaunchScreen.storyboard */,
				96A9486E1BC6D8E30022D22E /* Main.storyboard */,
			);
			path = View;
			sourceTree = "<group>";
		};
		96A9487F1BC6DAAF0022D22E /* Asset */ = {
			isa = PBXGroup;
			children = (
				96A948711BC6D8E30022D22E /* Assets.xcassets */,
				96A948801BC6DE990022D22E /* GoogleService-Info.plist */,
				96A948761BC6D8E30022D22E /* Info.plist */,
				96476F7E1BC70BF1005E0E4E /* Storyboards.swift */,
			);
			path = Asset;
			sourceTree = "<group>";
		};
		C06656965AFC33995DB7677D /* Pods */ = {
			isa = PBXGroup;
			children = (
				4F2D172D10622DCD788EE384 /* Pods-Macaroon.debug.xcconfig */,
				B69CB0F34D99C2B85658565D /* Pods-Macaroon.release.xcconfig */,
			);
			name = Pods;
			sourceTree = "<group>";
		};
		D599EEFAD2A5C7FE3B4C0670 /* Frameworks */ = {
			isa = PBXGroup;
			children = (
				DDD9E9F2D1995F47F556657F /* Pods_Macaroon.framework */,
			);
			name = Frameworks;
			sourceTree = "<group>";
		};
/* End PBXGroup section */

/* Begin PBXNativeTarget section */
		96A948661BC6D8E30022D22E /* Macaroon */ = {
			isa = PBXNativeTarget;
			buildConfigurationList = 96A948791BC6D8E30022D22E /* Build configuration list for PBXNativeTarget "Macaroon" */;
			buildPhases = (
				27F5FCD30706EBAC1FB8906F /* Check Pods Manifest.lock */,
				96476F781BC6FC49005E0E4E /* Run Script - Natalie */,
				96A948631BC6D8E30022D22E /* Sources */,
				96A948641BC6D8E30022D22E /* Frameworks */,
				96A948651BC6D8E30022D22E /* Resources */,
				48327533F774AD27E6A12250 /* Copy Pods Resources */,
				91306641C9AD0D1C29F93CE9 /* Embed Pods Frameworks */,
			);
			buildRules = (
			);
			dependencies = (
			);
			name = Macaroon;
			productName = Macaroon;
			productReference = 96A948671BC6D8E30022D22E /* Macaroon.app */;
			productType = "com.apple.product-type.application";
		};
/* End PBXNativeTarget section */

/* Begin PBXProject section */
		96A9485F1BC6D8E30022D22E /* Project object */ = {
			isa = PBXProject;
			attributes = {
				LastSwiftUpdateCheck = 0700;
				LastUpgradeCheck = 0710;
				ORGANIZATIONNAME = bearch;
				TargetAttributes = {
					96A948661BC6D8E30022D22E = {
						CreatedOnToolsVersion = 7.0.1;
						DevelopmentTeam = ATB5PVNS89;
						SystemCapabilities = {
							com.apple.BackgroundModes = {
								enabled = 1;
							};
							com.apple.Push = {
								enabled = 1;
							};
						};
					};
				};
			};
			buildConfigurationList = 96A948621BC6D8E30022D22E /* Build configuration list for PBXProject "Macaroon" */;
			compatibilityVersion = "Xcode 3.2";
			developmentRegion = English;
			hasScannedForEncodings = 0;
			knownRegions = (
				en,
				Base,
			);
			mainGroup = 96A9485E1BC6D8E30022D22E;
			productRefGroup = 96A948681BC6D8E30022D22E /* Products */;
			projectDirPath = "";
			projectRoot = "";
			targets = (
				96A948661BC6D8E30022D22E /* Macaroon */,
			);
		};
/* End PBXProject section */

/* Begin PBXResourcesBuildPhase section */
		96A948651BC6D8E30022D22E /* Resources */ = {
			isa = PBXResourcesBuildPhase;
			buildActionMask = 2147483647;
			files = (
				96A948751BC6D8E30022D22E /* LaunchScreen.storyboard in Resources */,
				96A948811BC6DE990022D22E /* GoogleService-Info.plist in Resources */,
				96A948721BC6D8E30022D22E /* Assets.xcassets in Resources */,
				96A948701BC6D8E30022D22E /* Main.storyboard in Resources */,
			);
			runOnlyForDeploymentPostprocessing = 0;
		};
/* End PBXResourcesBuildPhase section */

/* Begin PBXShellScriptBuildPhase section */
		27F5FCD30706EBAC1FB8906F /* Check Pods Manifest.lock */ = {
			isa = PBXShellScriptBuildPhase;
			buildActionMask = 2147483647;
			files = (
			);
			inputPaths = (
			);
			name = "Check Pods Manifest.lock";
			outputPaths = (
			);
			runOnlyForDeploymentPostprocessing = 0;
			shellPath = /bin/sh;
			shellScript = "diff \"${PODS_ROOT}/../Podfile.lock\" \"${PODS_ROOT}/Manifest.lock\" > /dev/null\nif [[ $? != 0 ]] ; then\n    cat << EOM\nerror: The sandbox is not in sync with the Podfile.lock. Run 'pod install' or update your CocoaPods installation.\nEOM\n    exit 1\nfi\n";
			showEnvVarsInLog = 0;
		};
		48327533F774AD27E6A12250 /* Copy Pods Resources */ = {
			isa = PBXShellScriptBuildPhase;
			buildActionMask = 2147483647;
			files = (
			);
			inputPaths = (
			);
			name = "Copy Pods Resources";
			outputPaths = (
			);
			runOnlyForDeploymentPostprocessing = 0;
			shellPath = /bin/sh;
			shellScript = "\"${SRCROOT}/Pods/Target Support Files/Pods-Macaroon/Pods-Macaroon-resources.sh\"\n";
			showEnvVarsInLog = 0;
		};
		91306641C9AD0D1C29F93CE9 /* Embed Pods Frameworks */ = {
			isa = PBXShellScriptBuildPhase;
			buildActionMask = 2147483647;
			files = (
			);
			inputPaths = (
			);
			name = "Embed Pods Frameworks";
			outputPaths = (
			);
			runOnlyForDeploymentPostprocessing = 0;
			shellPath = /bin/sh;
			shellScript = "\"${SRCROOT}/Pods/Target Support Files/Pods-Macaroon/Pods-Macaroon-frameworks.sh\"\n";
			showEnvVarsInLog = 0;
		};
		96476F781BC6FC49005E0E4E /* Run Script - Natalie */ = {
			isa = PBXShellScriptBuildPhase;
			buildActionMask = 2147483647;
			files = (
			);
			inputPaths = (
			);
			name = "Run Script - Natalie";
			outputPaths = (
			);
			runOnlyForDeploymentPostprocessing = 0;
			shellPath = /bin/sh;
			shellScript = "echo \"Natalie Generator: Determining if generated Swift file is up-to-date.\"\n\nNATALIE_PATH=\"/usr/local/bin/natalie.swift\"\n\nif [ -f $NATALIE_PATH ]; then\nBASE_PATH=\"$PROJECT_DIR/$PROJECT_NAME\"\nOUTPUT_PATH=\"$BASE_PATH/Asset/Storyboards.swift\"\n\nif [ ! -e \"$OUTPUT_PATH\" ] || [ -n \"$(find \"$BASE_PATH\" -type f -name \"*.storyboard\" -newer \"$OUTPUT_PATH\" -print -quit)\" ]; then\necho \"Natalie Generator: Generated Swift is out-of-date; re-generating...\"\n\n/usr/bin/chflags nouchg \"$OUTPUT_PATH\"\n\"$NATALIE_PATH\" \"$BASE_PATH\" > \"$OUTPUT_PATH\"\n/usr/bin/chflags uchg \"$OUTPUT_PATH\"\n\necho \"Natalie Generator: Done.\"\nelse\necho \"Natalie Generator: Generated Swift is up-to-date; skipping re-generation.\"\nfi\nfi\n";
		};
/* End PBXShellScriptBuildPhase section */

/* Begin PBXSourcesBuildPhase section */
		96A948631BC6D8E30022D22E /* Sources */ = {
			isa = PBXSourcesBuildPhase;
			buildActionMask = 2147483647;
			files = (
				557B64A11BEA35E800C52AF0 /* NetworkManager.swift in Sources */,
				5579B1641BE0FB1B0030F57A /* Github.swift in Sources */,
				96476F7F1BC70BF1005E0E4E /* Storyboards.swift in Sources */,
				96A9486D1BC6D8E30022D22E /* ViewController.swift in Sources */,
				9613DBB31BD56A6A006A2132 /* NotificationSettings.swift in Sources */,
				96476F751BC6FA50005E0E4E /* PermissionViewController.swift in Sources */,
				96EEBA321BD95781003DF30C /* Notification.swift in Sources */,
				9613DBB11BD56847006A2132 /* NotificationRouter.swift in Sources */,
				557B64A21BEA35E800C52AF0 /* Twitter.swift in Sources */,
				96476F771BC6FAF1005E0E4E /* MainNavigationController.swift in Sources */,
				96A9486B1BC6D8E30022D22E /* AppDelegate.swift in Sources */,
			);
			runOnlyForDeploymentPostprocessing = 0;
		};
/* End PBXSourcesBuildPhase section */

/* Begin PBXVariantGroup section */
		96A9486E1BC6D8E30022D22E /* Main.storyboard */ = {
			isa = PBXVariantGroup;
			children = (
				96A9486F1BC6D8E30022D22E /* Base */,
			);
			name = Main.storyboard;
			path = .;
			sourceTree = "<group>";
		};
		96A948731BC6D8E30022D22E /* LaunchScreen.storyboard */ = {
			isa = PBXVariantGroup;
			children = (
				96A948741BC6D8E30022D22E /* Base */,
			);
			name = LaunchScreen.storyboard;
			path = .;
			sourceTree = "<group>";
		};
/* End PBXVariantGroup section */

/* Begin XCBuildConfiguration section */
		96A948771BC6D8E30022D22E /* Debug */ = {
			isa = XCBuildConfiguration;
			buildSettings = {
				ALWAYS_SEARCH_USER_PATHS = NO;
				CLANG_CXX_LANGUAGE_STANDARD = "gnu++0x";
				CLANG_CXX_LIBRARY = "libc++";
				CLANG_ENABLE_MODULES = YES;
				CLANG_ENABLE_OBJC_ARC = YES;
				CLANG_WARN_BOOL_CONVERSION = YES;
				CLANG_WARN_CONSTANT_CONVERSION = YES;
				CLANG_WARN_DIRECT_OBJC_ISA_USAGE = YES_ERROR;
				CLANG_WARN_EMPTY_BODY = YES;
				CLANG_WARN_ENUM_CONVERSION = YES;
				CLANG_WARN_INT_CONVERSION = YES;
				CLANG_WARN_OBJC_ROOT_CLASS = YES_ERROR;
				CLANG_WARN_UNREACHABLE_CODE = YES;
				CLANG_WARN__DUPLICATE_METHOD_MATCH = YES;
				"CODE_SIGN_IDENTITY[sdk=iphoneos*]" = "iPhone Developer";
				COPY_PHASE_STRIP = NO;
				DEBUG_INFORMATION_FORMAT = dwarf;
				ENABLE_STRICT_OBJC_MSGSEND = YES;
				ENABLE_TESTABILITY = YES;
				GCC_C_LANGUAGE_STANDARD = gnu99;
				GCC_DYNAMIC_NO_PIC = NO;
				GCC_NO_COMMON_BLOCKS = YES;
				GCC_OPTIMIZATION_LEVEL = 0;
				GCC_PREPROCESSOR_DEFINITIONS = (
					"DEBUG=1",
					"$(inherited)",
				);
				GCC_WARN_64_TO_32_BIT_CONVERSION = YES;
				GCC_WARN_ABOUT_RETURN_TYPE = YES_ERROR;
				GCC_WARN_UNDECLARED_SELECTOR = YES;
				GCC_WARN_UNINITIALIZED_AUTOS = YES_AGGRESSIVE;
				GCC_WARN_UNUSED_FUNCTION = YES;
				GCC_WARN_UNUSED_VARIABLE = YES;
				IPHONEOS_DEPLOYMENT_TARGET = 9.0;
				MTL_ENABLE_DEBUG_INFO = YES;
				ONLY_ACTIVE_ARCH = YES;
				OTHER_LDFLAGS = "$(inherited)";
				SDKROOT = iphoneos;
				SWIFT_OPTIMIZATION_LEVEL = "-Onone";
			};
			name = Debug;
		};
		96A948781BC6D8E30022D22E /* Release */ = {
			isa = XCBuildConfiguration;
			buildSettings = {
				ALWAYS_SEARCH_USER_PATHS = NO;
				CLANG_CXX_LANGUAGE_STANDARD = "gnu++0x";
				CLANG_CXX_LIBRARY = "libc++";
				CLANG_ENABLE_MODULES = YES;
				CLANG_ENABLE_OBJC_ARC = YES;
				CLANG_WARN_BOOL_CONVERSION = YES;
				CLANG_WARN_CONSTANT_CONVERSION = YES;
				CLANG_WARN_DIRECT_OBJC_ISA_USAGE = YES_ERROR;
				CLANG_WARN_EMPTY_BODY = YES;
				CLANG_WARN_ENUM_CONVERSION = YES;
				CLANG_WARN_INT_CONVERSION = YES;
				CLANG_WARN_OBJC_ROOT_CLASS = YES_ERROR;
				CLANG_WARN_UNREACHABLE_CODE = YES;
				CLANG_WARN__DUPLICATE_METHOD_MATCH = YES;
				"CODE_SIGN_IDENTITY[sdk=iphoneos*]" = "iPhone Developer";
				COPY_PHASE_STRIP = NO;
				DEBUG_INFORMATION_FORMAT = "dwarf-with-dsym";
				ENABLE_NS_ASSERTIONS = NO;
				ENABLE_STRICT_OBJC_MSGSEND = YES;
				GCC_C_LANGUAGE_STANDARD = gnu99;
				GCC_NO_COMMON_BLOCKS = YES;
				GCC_WARN_64_TO_32_BIT_CONVERSION = YES;
				GCC_WARN_ABOUT_RETURN_TYPE = YES_ERROR;
				GCC_WARN_UNDECLARED_SELECTOR = YES;
				GCC_WARN_UNINITIALIZED_AUTOS = YES_AGGRESSIVE;
				GCC_WARN_UNUSED_FUNCTION = YES;
				GCC_WARN_UNUSED_VARIABLE = YES;
				IPHONEOS_DEPLOYMENT_TARGET = 9.0;
				MTL_ENABLE_DEBUG_INFO = NO;
				OTHER_LDFLAGS = "$(inherited)";
				SDKROOT = iphoneos;
				VALIDATE_PRODUCT = YES;
			};
			name = Release;
		};
		96A9487A1BC6D8E30022D22E /* Debug */ = {
			isa = XCBuildConfiguration;
			baseConfigurationReference = 4F2D172D10622DCD788EE384 /* Pods-Macaroon.debug.xcconfig */;
			buildSettings = {
				ASSETCATALOG_COMPILER_APPICON_NAME = AppIcon;
				CLANG_ENABLE_MODULES = YES;
				CODE_SIGN_IDENTITY = "iPhone Developer";
				"CODE_SIGN_IDENTITY[sdk=iphoneos*]" = "iPhone Developer";
				ENABLE_BITCODE = NO;
				HEADER_SEARCH_PATHS = (
					"\"${PODS_ROOT}/Headers/Public\"",
					"\"${PODS_ROOT}/Headers/Public/GGLInstanceID\"",
					"\"${PODS_ROOT}/Headers/Public/Google\"",
					"\"${PODS_ROOT}/Headers/Public/Google/Google\"",
					"\"${PODS_ROOT}/Headers/Public/GoogleCloudMessaging\"",
					"\"${PODS_ROOT}/Headers/Public/GoogleInterchangeUtilities\"",
					"\"${PODS_ROOT}/Headers/Public/GoogleNetworkingUtilities\"",
					"\"${PODS_ROOT}/Headers/Public/GoogleSymbolUtilities\"",
					"\"${PODS_ROOT}/Headers/Public/GoogleUtilities\"",
				);
				INFOPLIST_FILE = Macaroon/Asset/Info.plist;
				IPHONEOS_DEPLOYMENT_TARGET = 9.0;
				LD_RUNPATH_SEARCH_PATHS = "$(inherited) @executable_path/Frameworks";
				LIBRARY_SEARCH_PATHS = "$(inherited)";
				PRODUCT_BUNDLE_IDENTIFIER = com.bearch.Macaroon;
				PRODUCT_NAME = "$(TARGET_NAME)";
				PROVISIONING_PROFILE = "8defd531-7310-4551-af5a-cd1233f20d2b";
				SWIFT_OBJC_BRIDGING_HEADER = "Macaroon/Macaroon-Bridging-Header.h";
				SWIFT_OPTIMIZATION_LEVEL = "-Onone";
			};
			name = Debug;
		};
		96A9487B1BC6D8E30022D22E /* Release */ = {
			isa = XCBuildConfiguration;
			baseConfigurationReference = B69CB0F34D99C2B85658565D /* Pods-Macaroon.release.xcconfig */;
			buildSettings = {
				ASSETCATALOG_COMPILER_APPICON_NAME = AppIcon;
				CLANG_ENABLE_MODULES = YES;
				CODE_SIGN_IDENTITY = "iPhone Developer";
				"CODE_SIGN_IDENTITY[sdk=iphoneos*]" = "iPhone Developer";
				ENABLE_BITCODE = NO;
				HEADER_SEARCH_PATHS = (
					"\"${PODS_ROOT}/Headers/Public\"",
					"\"${PODS_ROOT}/Headers/Public/GGLInstanceID\"",
					"\"${PODS_ROOT}/Headers/Public/Google\"",
					"\"${PODS_ROOT}/Headers/Public/Google/Google\"",
					"\"${PODS_ROOT}/Headers/Public/GoogleCloudMessaging\"",
					"\"${PODS_ROOT}/Headers/Public/GoogleInterchangeUtilities\"",
					"\"${PODS_ROOT}/Headers/Public/GoogleNetworkingUtilities\"",
					"\"${PODS_ROOT}/Headers/Public/GoogleSymbolUtilities\"",
					"\"${PODS_ROOT}/Headers/Public/GoogleUtilities\"",
				);
				INFOPLIST_FILE = Macaroon/Asset/Info.plist;
				IPHONEOS_DEPLOYMENT_TARGET = 9.0;
				LD_RUNPATH_SEARCH_PATHS = "$(inherited) @executable_path/Frameworks";
				LIBRARY_SEARCH_PATHS = "$(inherited)";
				PRODUCT_BUNDLE_IDENTIFIER = com.bearch.Macaroon;
				PRODUCT_NAME = "$(TARGET_NAME)";
				PROVISIONING_PROFILE = "8defd531-7310-4551-af5a-cd1233f20d2b";
				SWIFT_OBJC_BRIDGING_HEADER = "Macaroon/Macaroon-Bridging-Header.h";
			};
			name = Release;
		};
/* End XCBuildConfiguration section */

/* Begin XCConfigurationList section */
		96A948621BC6D8E30022D22E /* Build configuration list for PBXProject "Macaroon" */ = {
			isa = XCConfigurationList;
			buildConfigurations = (
				96A948771BC6D8E30022D22E /* Debug */,
				96A948781BC6D8E30022D22E /* Release */,
			);
			defaultConfigurationIsVisible = 0;
			defaultConfigurationName = Release;
		};
		96A948791BC6D8E30022D22E /* Build configuration list for PBXNativeTarget "Macaroon" */ = {
			isa = XCConfigurationList;
			buildConfigurations = (
				96A9487A1BC6D8E30022D22E /* Debug */,
				96A9487B1BC6D8E30022D22E /* Release */,
			);
			defaultConfigurationIsVisible = 0;
			defaultConfigurationName = Release;
		};
/* End XCConfigurationList section */
	};
	rootObject = 96A9485F1BC6D8E30022D22E /* Project object */;
}
